<Solution>
  <Folder Name="/src/">
    <Project Path="src/VaultTrade.API/VaultTrade.API.csproj" />
    <Project Path="src/VaultTrade.Application/VaultTrade.Application.csproj" />
    <Project Path="src/VaultTrade.Domain/VaultTrade.Domain.csproj" />
    <Project Path="src/VaultTrade.Infrastructure/VaultTrade.Infrastructure.csproj" />
  </Folder>
  <Folder Name="/tests/">
    <Project Path="tests/VaultTrade.Tests/VaultTrade.Tests.csproj" />
  </Folder>
</Solution>
